
Microsoft Visual Studio Solution File, Format Version 12.00
# Visual Studio Version 17
VisualStudioVersion = 17.4.33213.308
MinimumVisualStudioVersion = 10.0.40219.1
Project("{FAE04EC0-301F-11D3-BF4B-00C04F79EFBC}") = "105_Q4_LightSystem", "105_Q4_LightSystem\105_Q4_LightSystem.csproj", "{EA23AD8C-B208-425D-AFCB-3DA7120C52E5}"
EndProject
Global
	GlobalSection(SolutionConfigurationPlatforms) = preSolution
		Debug|Any CPU = Debug|Any CPU
		Release|Any CPU = Release|Any CPU
	EndGlobalSection
	GlobalSection(ProjectConfigurationPlatforms) = postSolution
		{EA23AD8C-B208-425D-AFCB-3DA7120C52E5}.Debug|Any CPU.ActiveCfg = Debug|Any CPU
		{EA23AD8C-B208-425D-AFCB-3DA7120C52E5}.Debug|Any CPU.Build.0 = Debug|Any CPU
		{EA23AD8C-B208-425D-AFCB-3DA7120C52E5}.Release|Any CPU.ActiveCfg = Release|Any CPU
		{EA23AD8C-B208-425D-AFCB-3DA7120C52E5}.Release|Any CPU.Build.0 = Release|Any CPU
	EndGlobalSection
	GlobalSection(SolutionProperties) = preSolution
		HideSolutionNode = FALSE
	EndGlobalSection
	GlobalSection(ExtensibilityGlobals) = postSolution
		SolutionGuid = {4590BC13-348D-4933-8C8F-8D41E3215F0D}
	EndGlobalSection
EndGlobal
