
Microsoft Visual Studio Solution File, Format Version 12.00
Project("{FAE04EC0-301F-11D3-BF4B-00C04F79EFBC}") = "BrianRen_114_Q3_BFS", "BrianRen_114_Q3_BFS\BrianRen_114_Q3_BFS.csproj", "{B466DEDC-A615-433E-AF68-CE6E52D72D3C}"
EndProject
Project("{FAE04EC0-301F-11D3-BF4B-00C04F79EFBC}") = "BrianRen_114_Q3_TwiceDFS", "BrianRen_114_Q3_TwiceDFS\BrianRen_114_Q3_TwiceDFS.csproj", "{F67C57F2-3110-416E-A046-EAB8158C75F5}"
EndProject
Global
	GlobalSection(SolutionConfigurationPlatforms) = preSolution
		Debug|Any CPU = Debug|Any CPU
		Release|Any CPU = Release|Any CPU
	EndGlobalSection
	GlobalSection(ProjectConfigurationPlatforms) = postSolution
		{B466DEDC-A615-433E-AF68-CE6E52D72D3C}.Debug|Any CPU.ActiveCfg = Debug|Any CPU
		{B466DEDC-A615-433E-AF68-CE6E52D72D3C}.Debug|Any CPU.Build.0 = Debug|Any CPU
		{B466DEDC-A615-433E-AF68-CE6E52D72D3C}.Release|Any CPU.ActiveCfg = Release|Any CPU
		{B466DEDC-A615-433E-AF68-CE6E52D72D3C}.Release|Any CPU.Build.0 = Release|Any CPU
		{F67C57F2-3110-416E-A046-EAB8158C75F5}.Debug|Any CPU.ActiveCfg = Debug|Any CPU
		{F67C57F2-3110-416E-A046-EAB8158C75F5}.Debug|Any CPU.Build.0 = Debug|Any CPU
		{F67C57F2-3110-416E-A046-EAB8158C75F5}.Release|Any CPU.ActiveCfg = Release|Any CPU
		{F67C57F2-3110-416E-A046-EAB8158C75F5}.Release|Any CPU.Build.0 = Release|Any CPU
	EndGlobalSection
EndGlobal
