
Microsoft Visual Studio Solution File, Format Version 12.00
# Visual Studio Version 17
VisualStudioVersion = 17.4.33213.308
MinimumVisualStudioVersion = 10.0.40219.1
Project("{FAE04EC0-301F-11D3-BF4B-00C04F79EFBC}") = "105_Q2_ISBN", "105_Q2_ISBN\105_Q2_ISBN.csproj", "{D7651B9F-E321-479D-939D-684F98548BCC}"
EndProject
Global
	GlobalSection(SolutionConfigurationPlatforms) = preSolution
		Debug|Any CPU = Debug|Any CPU
		Release|Any CPU = Release|Any CPU
	EndGlobalSection
	GlobalSection(ProjectConfigurationPlatforms) = postSolution
		{D7651B9F-E321-479D-939D-684F98548BCC}.Debug|Any CPU.ActiveCfg = Debug|Any CPU
		{D7651B9F-E321-479D-939D-684F98548BCC}.Debug|Any CPU.Build.0 = Debug|Any CPU
		{D7651B9F-E321-479D-939D-684F98548BCC}.Release|Any CPU.ActiveCfg = Release|Any CPU
		{D7651B9F-E321-479D-939D-684F98548BCC}.Release|Any CPU.Build.0 = Release|Any CPU
	EndGlobalSection
	GlobalSection(SolutionProperties) = preSolution
		HideSolutionNode = FALSE
	EndGlobalSection
	GlobalSection(ExtensibilityGlobals) = postSolution
		SolutionGuid = {A64347BA-9E7A-4376-8FCB-AB59DDBF3617}
	EndGlobalSection
EndGlobal
